
Microsoft Visual Studio Solution File, Format Version 12.00
# Visual Studio Version 16
VisualStudioVersion = 16.0.30002.166
MinimumVisualStudioVersion = 10.0.40219.1
Project("{FAE04EC0-301F-11D3-BF4B-00C04F79EFBC}") = "Cwiczenia12", "Cwiczenia12\Cwiczenia12.csproj", "{FBFA061F-CA86-4B81-A720-293944CD42E7}"
EndProject
Global
	GlobalSection(SolutionConfigurationPlatforms) = preSolution
		Debug|Any CPU = Debug|Any CPU
		Release|Any CPU = Release|Any CPU
	EndGlobalSection
	GlobalSection(ProjectConfigurationPlatforms) = postSolution
		{FBFA061F-CA86-4B81-A720-293944CD42E7}.Debug|Any CPU.ActiveCfg = Debug|Any CPU
		{FBFA061F-CA86-4B81-A720-293944CD42E7}.Debug|Any CPU.Build.0 = Debug|Any CPU
		{FBFA061F-CA86-4B81-A720-293944CD42E7}.Release|Any CPU.ActiveCfg = Release|Any CPU
		{FBFA061F-CA86-4B81-A720-293944CD42E7}.Release|Any CPU.Build.0 = Release|Any CPU
	EndGlobalSection
	GlobalSection(SolutionProperties) = preSolution
		HideSolutionNode = FALSE
	EndGlobalSection
	GlobalSection(ExtensibilityGlobals) = postSolution
		SolutionGuid = {CCDE12E9-8779-4612-8C28-D59746F6AD15}
	EndGlobalSection
EndGlobal
